
Microsoft Visual Studio Solution File, Format Version 12.00
# Visual Studio Version 16
VisualStudioVersion = 16.0.31424.327
MinimumVisualStudioVersion = 10.0.40219.1
Project("{FAE04EC0-301F-11D3-BF4B-00C04F79EFBC}") = "kursovaya", "kursovaya\kursovaya.csproj", "{FC36438E-FCE2-4322-AB54-3A2750DDC374}"
EndProject
Global
	GlobalSection(SolutionConfigurationPlatforms) = preSolution
		Debug|Any CPU = Debug|Any CPU
		Release|Any CPU = Release|Any CPU
	EndGlobalSection
	GlobalSection(ProjectConfigurationPlatforms) = postSolution
		{FC36438E-FCE2-4322-AB54-3A2750DDC374}.Debug|Any CPU.ActiveCfg = Debug|Any CPU
		{FC36438E-FCE2-4322-AB54-3A2750DDC374}.Debug|Any CPU.Build.0 = Debug|Any CPU
		{FC36438E-FCE2-4322-AB54-3A2750DDC374}.Release|Any CPU.ActiveCfg = Release|Any CPU
		{FC36438E-FCE2-4322-AB54-3A2750DDC374}.Release|Any CPU.Build.0 = Release|Any CPU
	EndGlobalSection
	GlobalSection(SolutionProperties) = preSolution
		HideSolutionNode = FALSE
	EndGlobalSection
	GlobalSection(ExtensibilityGlobals) = postSolution
		SolutionGuid = {BE252C0E-EE00-4B03-9E12-24DF671508FD}
	EndGlobalSection
EndGlobal
