
Microsoft Visual Studio Solution File, Format Version 12.00
# Visual Studio Version 16
VisualStudioVersion = 16.0.31424.327
MinimumVisualStudioVersion = 10.0.40219.1
Project("{FAE04EC0-301F-11D3-BF4B-00C04F79EFBC}") = "kursovayach", "kursovayach\kursovayach.csproj", "{08DA5884-AF59-4D24-95F1-B28A1B75FCEB}"
EndProject
Global
	GlobalSection(SolutionConfigurationPlatforms) = preSolution
		Debug|Any CPU = Debug|Any CPU
		Release|Any CPU = Release|Any CPU
	EndGlobalSection
	GlobalSection(ProjectConfigurationPlatforms) = postSolution
		{08DA5884-AF59-4D24-95F1-B28A1B75FCEB}.Debug|Any CPU.ActiveCfg = Debug|Any CPU
		{08DA5884-AF59-4D24-95F1-B28A1B75FCEB}.Debug|Any CPU.Build.0 = Debug|Any CPU
		{08DA5884-AF59-4D24-95F1-B28A1B75FCEB}.Release|Any CPU.ActiveCfg = Release|Any CPU
		{08DA5884-AF59-4D24-95F1-B28A1B75FCEB}.Release|Any CPU.Build.0 = Release|Any CPU
	EndGlobalSection
	GlobalSection(SolutionProperties) = preSolution
		HideSolutionNode = FALSE
	EndGlobalSection
	GlobalSection(ExtensibilityGlobals) = postSolution
		SolutionGuid = {9BD774E9-DAB0-47EE-A39B-20B399FA491F}
	EndGlobalSection
EndGlobal
